# Generated by pub
# See https://dart.dev/tools/pub/glossary#lockfile
packages:
  collection:
    dependency: transitive
    description:
      name: collection
      sha256: "6d4193120997ecfd09acf0e313f13dc122b119e5eca87ef57a7d065ec9183762"
      url: "https://pub.dev"
    source: hosted
    version: "1.15.0"
  fixnum:
    dependency: "direct main"
    description:
      name: fixnum
      sha256: "6a2ef17156f4dc49684f9d99aaf4a93aba8ac49f5eac861755f5730ddf6e2e4e"
      url: "https://pub.dev"
    source: hosted
    version: "1.0.0"
  lints:
    dependency: "direct dev"
    description:
      name: lints
      sha256: a2c3d198cb5ea2e179926622d433331d8b58374ab8f29cdda6e863bd62fd369c
      url: "https://pub.dev"
    source: hosted
    version: "1.0.1"
  protobuf:
    dependency: "direct main"
    description:
      name: protobuf
      sha256: f9b7809db75bc95d411bc197d714613fb42f0b0c17553c95568a2a9179d2a7ea
      url: "https://pub.dev"
    source: hosted
    version: "2.0.1"
sdks:
  dart: ">=2.15.1 <4.0.0"
